
Microsoft Visual Studio Solution File, Format Version 12.00
# Visual Studio Version 16
VisualStudioVersion = 25.0.1706.6
MinimumVisualStudioVersion = 10.0.40219.1
Project("{FAE04EC0-301F-11D3-BF4B-00C04F79EFBC}") = "TokenApp", "TokenApp\TokenApp.csproj", "{E490168A-B4E1-4B66-A91A-E03BDFEF5F80}"
EndProject
Global
	GlobalSection(SolutionConfigurationPlatforms) = preSolution
		Debug|Any CPU = Debug|Any CPU
		Release|Any CPU = Release|Any CPU
	EndGlobalSection
	GlobalSection(ProjectConfigurationPlatforms) = postSolution
		{E490168A-B4E1-4B66-A91A-E03BDFEF5F80}.Debug|Any CPU.ActiveCfg = Debug|Any CPU
		{E490168A-B4E1-4B66-A91A-E03BDFEF5F80}.Debug|Any CPU.Build.0 = Debug|Any CPU
		{E490168A-B4E1-4B66-A91A-E03BDFEF5F80}.Release|Any CPU.ActiveCfg = Release|Any CPU
		{E490168A-B4E1-4B66-A91A-E03BDFEF5F80}.Release|Any CPU.Build.0 = Release|Any CPU
	EndGlobalSection
	GlobalSection(SolutionProperties) = preSolution
		HideSolutionNode = FALSE
	EndGlobalSection
	GlobalSection(ExtensibilityGlobals) = postSolution
		SolutionGuid = {3764682A-40AD-4B4D-9A3E-728858E49F88}
	EndGlobalSection
EndGlobal
